# THIS IS AN AUTOGENERATED FILE. DO NOT EDIT THIS FILE DIRECTLY.
# yarn lockfile v1


"@xylink/xy-rtc-sdk@3.9.10":
  version "3.9.10"
  resolved "https://registry.npmmirror.com/@xylink/xy-rtc-sdk/-/xy-rtc-sdk-3.9.10.tgz#6400bd9fdfb88201b4faeff1a10791a7d8dfe0be"
  integrity sha512-ZY53vEFxwoPweqmEeUNJ3NqGRBupt4PpQCyb60VgZquvqkmblR0fiWL1DO8ZN1IhBa5ZGi+bbyHhHkfgly6JQA==
